{
  "name": "scolia-light-controller",
  "version": "1.0.0",
  "lockfileVersion": 3,
  "requires": true,
  "packages": {
    "": {
      "name": "scolia-light-controller",
      "version": "1.0.0",
      "license": "MIT",
      "dependencies": {
        "knx": "^2.5.4",
        "node-osc": "^9.0.0",
        "play-sound": "^1.1.6",
        "ws": "^8.16.0"
      }
    },
    "node_modules/@types/node": {
      "version": "6.14.13",
      "resolved": "https://registry.npmjs.org/@types/node/-/node-6.14.13.tgz",
      "integrity": "sha512-J1F0XJ/9zxlZel5ZlbeSuHW2OpabrUAqpFuC2sm2I3by8sERQ8+KCjNKUcq8QHuzpGMWiJpo9ZxeHrqrP2KzQw==",
      "license": "MIT"
    },
    "node_modules/binary-parser": {
      "version": "1.1.5",
      "resolved": "https://registry.npmjs.org/binary-parser/-/binary-parser-1.1.5.tgz",
      "integrity": "sha512-KsW0sfQ3e5Lpk8EVP44okdpOUhUlVaQ5HQ/qBKLpuMgEV29pTIfPvFobs9j4kp/4BqOSZ+kZpC7f4mleVonTRw==",
      "license": "MIT"
    },
    "node_modules/binary-protocol": {
      "version": "0.0.0",
      "resolved": "https://registry.npmjs.org/binary-protocol/-/binary-protocol-0.0.0.tgz",
      "integrity": "sha512-kcFqbqtZnZEGSY8Jh6dEO6VbxJDZu1tqJc3LODqADPHrDwHQwoTNdGTHW4sLhmNXeWUOZKjfRfopAu5xpRQbPw==",
      "license": "MIT",
      "dependencies": {
        "bluebird": "~2.2.2"
      }
    },
    "node_modules/binpack": {
      "version": "0.1.0",
      "resolved": "https://registry.npmjs.org/binpack/-/binpack-0.1.0.tgz",
      "integrity": "sha512-KcSrsGiIKgklTWweVb9XnZPWO1/rGSsK3fwR7VnbDPbLKPlkvSKd/ZrJ1W712r6HzH5u0fa/AZCftATO09x8Aw=="
    },
    "node_modules/bluebird": {
      "version": "2.2.2",
      "resolved": "https://registry.npmjs.org/bluebird/-/bluebird-2.2.2.tgz",
      "integrity": "sha512-NqzuS2y44FmP++Ihv6/PgXpNRB+c282TKq0URBTQdA+EqPpR1Qu44QY8H8667LA39iOIaVHpmRPI4gpthYT8Ug==",
      "license": "MIT"
    },
    "node_modules/find-exec": {
      "version": "1.0.3",
      "resolved": "https://registry.npmjs.org/find-exec/-/find-exec-1.0.3.tgz",
      "integrity": "sha512-gnG38zW90mS8hm5smNcrBnakPEt+cGJoiMkJwCU0IYnEb0H2NQk0NIljhNW+48oniCriFek/PH6QXbwsJo/qug==",
      "license": "MIT",
      "dependencies": {
        "shell-quote": "^1.8.1"
      }
    },
    "node_modules/ipaddr.js": {
      "version": "1.2.0",
      "resolved": "https://registry.npmjs.org/ipaddr.js/-/ipaddr.js-1.2.0.tgz",
      "integrity": "sha512-ku//LD7ie/m9UVGCm9KweBIIHP4mB0maNGvav6Hz778fQCNLQF7iZ+H/UuHuqmjJCHCpA5hw8hOeRKxZl8IlXw==",
      "license": "MIT",
      "engines": {
        "node": ">= 0.10"
      }
    },
    "node_modules/knx": {
      "version": "2.5.4",
      "resolved": "https://registry.npmjs.org/knx/-/knx-2.5.4.tgz",
      "integrity": "sha512-h+WMbx2NPgCL1Vr4X8xAsTV9E+72XjPviKRv67iJLomapENO25ZsRGq8egvqUJwtnsordJGOxxUA4o1jMOzQYw==",
      "license": "MIT",
      "dependencies": {
        "@types/node": "^6.14.4",
        "binary-parser": "1.1.5",
        "binary-protocol": "0.0.0",
        "ipaddr.js": "1.2.0",
        "log-driver": "1.2.7",
        "machina": "^4.0.2"
      },
      "engines": {
        "node": ">=6"
      }
    },
    "node_modules/lodash": {
      "version": "4.17.23",
      "resolved": "https://registry.npmjs.org/lodash/-/lodash-4.17.23.tgz",
      "integrity": "sha512-LgVTMpQtIopCi79SJeDiP0TfWi5CNEc/L/aRdTh3yIvmZXTnheWpKjSZhnvMl8iXbC1tFg9gdHHDMLoV7CnG+w==",
      "license": "MIT"
    },
    "node_modules/log-driver": {
      "version": "1.2.7",
      "resolved": "https://registry.npmjs.org/log-driver/-/log-driver-1.2.7.tgz",
      "integrity": "sha512-U7KCmLdqsGHBLeWqYlFA0V0Sl6P08EE1ZrmA9cxjUE0WVqT9qnyVDPz1kzpFEP0jdJuFnasWIfSd7fsaNXkpbg==",
      "license": "ISC",
      "engines": {
        "node": ">=0.8.6"
      }
    },
    "node_modules/machina": {
      "version": "4.0.2",
      "resolved": "https://registry.npmjs.org/machina/-/machina-4.0.2.tgz",
      "integrity": "sha512-OOlFrW1rd783S6tF36v5Ie/TM64gfvSl9kYLWL2cPA31J71HHWW3XrgSe1BZSFAPkh8532CMJMLv/s9L2aopiA==",
      "dependencies": {
        "lodash": "^4.17.5"
      },
      "engines": {
        "node": ">=0.4.0"
      }
    },
    "node_modules/node-osc": {
      "version": "9.1.7",
      "resolved": "https://registry.npmjs.org/node-osc/-/node-osc-9.1.7.tgz",
      "integrity": "sha512-7zKoV+125AfZuDVoEKvCzAoBfqIAewf6SyI7PguB9coU+Kye6nncjeKmb3lIQUeOJHec7Ym3IUG/wzy+iXgp6Q==",
      "license": "LGPL-3.0-or-later",
      "dependencies": {
        "osc-min": "^1.1.1"
      },
      "engines": {
        "node": "^18.17.0 || ^20.5.0 || >=22.0.0"
      }
    },
    "node_modules/osc-min": {
      "version": "1.1.2",
      "resolved": "https://registry.npmjs.org/osc-min/-/osc-min-1.1.2.tgz",
      "integrity": "sha512-8DbiO8ME85R75stgNVCZtHxB9MNBBNcyy+isNBXrsFeinXGjwNAauvKVmGlfRas5VJWC/mhzIx7spR2gFvWxvg==",
      "license": "Zlib",
      "dependencies": {
        "binpack": "~0"
      },
      "engines": {
        "node": ">=0.10.0"
      }
    },
    "node_modules/play-sound": {
      "version": "1.1.6",
      "resolved": "https://registry.npmjs.org/play-sound/-/play-sound-1.1.6.tgz",
      "integrity": "sha512-09eO4QiXNFXJffJaOW5P6x6F5RLihpLUkXttvUZeWml0fU6x6Zp7AjG9zaeMpgH2ZNvq4GR1ytB22ddYcqJIZA==",
      "license": "MIT",
      "dependencies": {
        "find-exec": "1.0.3"
      }
    },
    "node_modules/shell-quote": {
      "version": "1.8.3",
      "resolved": "https://registry.npmjs.org/shell-quote/-/shell-quote-1.8.3.tgz",
      "integrity": "sha512-ObmnIF4hXNg1BqhnHmgbDETF8dLPCggZWBjkQfhZpbszZnYur5DUljTcCHii5LC3J5E0yeO/1LIMyH+UvHQgyw==",
      "license": "MIT",
      "engines": {
        "node": ">= 0.4"
      },
      "funding": {
        "url": "https://github.com/sponsors/ljharb"
      }
    },
    "node_modules/ws": {
      "version": "8.19.0",
      "resolved": "https://registry.npmjs.org/ws/-/ws-8.19.0.tgz",
      "integrity": "sha512-blAT2mjOEIi0ZzruJfIhb3nps74PRWTCz1IjglWEEpQl5XS/UNama6u2/rjFkDDouqr4L67ry+1aGIALViWjDg==",
      "license": "MIT",
      "engines": {
        "node": ">=10.0.0"
      },
      "peerDependencies": {
        "bufferutil": "^4.0.1",
        "utf-8-validate": ">=5.0.2"
      },
      "peerDependenciesMeta": {
        "bufferutil": {
          "optional": true
        },
        "utf-8-validate": {
          "optional": true
        }
      }
    }
  }
}
